// !$*UTF8*$!
{
	archiveVersion = 1;
	classes = {
	};
	objectVersion = 56;
	objects = {

/* Begin PBXBuildFile section */
		0933DCCA2A867F4700A70A97 /* FetchIndexUITests.swift in Sources */ = {isa = PBXBuildFile; fileRef = 0933DCC92A867F4700A70A97 /* FetchIndexUITests.swift */; };
		0933DCCC2A86851200A70A97 /* FetchTestDetailUITests.swift in Sources */ = {isa = PBXBuildFile; fileRef = 0933DCCB2A86851200A70A97 /* FetchTestDetailUITests.swift */; };
		09BB31EF2A85C32800CDA6FD /* ImageLoader.swift in Sources */ = {isa = PBXBuildFile; fileRef = 09BB31EE2A85C32800CDA6FD /* ImageLoader.swift */; };
		09C399E22A8437B900BBB01C /* FetchTestApp.swift in Sources */ = {isa = PBXBuildFile; fileRef = 09C399E12A8437B900BBB01C /* FetchTestApp.swift */; };
		09C399E42A8437B900BBB01C /* IndexView.swift in Sources */ = {isa = PBXBuildFile; fileRef = 09C399E32A8437B900BBB01C /* IndexView.swift */; };
		09C399E62A8437BA00BBB01C /* Assets.xcassets in Resources */ = {isa = PBXBuildFile; fileRef = 09C399E52A8437BA00BBB01C /* Assets.xcassets */; };
		09C399E92A8437BA00BBB01C /* Preview Assets.xcassets in Resources */ = {isa = PBXBuildFile; fileRef = 09C399E82A8437BA00BBB01C /* Preview Assets.xcassets */; };
		09C399FF2A8437BA00BBB01C /* FetchTestUITestsLaunchTests.swift in Sources */ = {isa = PBXBuildFile; fileRef = 09C399FE2A8437BA00BBB01C /* FetchTestUITestsLaunchTests.swift */; };
		09C39A0E2A8440FF00BBB01C /* SimpleMealModel.swift in Sources */ = {isa = PBXBuildFile; fileRef = 09C39A0D2A8440FF00BBB01C /* SimpleMealModel.swift */; };
		09C39A122A8441B600BBB01C /* IndexViewModel.swift in Sources */ = {isa = PBXBuildFile; fileRef = 09C39A112A8441B600BBB01C /* IndexViewModel.swift */; };
		09C39A152A84424400BBB01C /* IndexService.swift in Sources */ = {isa = PBXBuildFile; fileRef = 09C39A142A84424400BBB01C /* IndexService.swift */; };
		09C39A182A84459600BBB01C /* Const.swift in Sources */ = {isa = PBXBuildFile; fileRef = 09C39A172A84459600BBB01C /* Const.swift */; };
		09C39A1A2A844D1400BBB01C /* SimpleMealCardView.swift in Sources */ = {isa = PBXBuildFile; fileRef = 09C39A192A844D1400BBB01C /* SimpleMealCardView.swift */; };
		09C39A1C2A8450C700BBB01C /* ImageView.swift in Sources */ = {isa = PBXBuildFile; fileRef = 09C39A1B2A8450C700BBB01C /* ImageView.swift */; };
		09C39A1E2A84531200BBB01C /* DetailMealView.swift in Sources */ = {isa = PBXBuildFile; fileRef = 09C39A1D2A84531200BBB01C /* DetailMealView.swift */; };
		09C39A202A84548600BBB01C /* DetailViewModel.swift in Sources */ = {isa = PBXBuildFile; fileRef = 09C39A1F2A84548600BBB01C /* DetailViewModel.swift */; };
		09C39A222A84549500BBB01C /* FullMealModel.swift in Sources */ = {isa = PBXBuildFile; fileRef = 09C39A212A84549500BBB01C /* FullMealModel.swift */; };
		09C39A242A8456AE00BBB01C /* DetailMealService.swift in Sources */ = {isa = PBXBuildFile; fileRef = 09C39A232A8456AE00BBB01C /* DetailMealService.swift */; };
		09C39A272A8553D700BBB01C /* HeaderDetailView.swift in Sources */ = {isa = PBXBuildFile; fileRef = 09C39A262A8553D700BBB01C /* HeaderDetailView.swift */; };
		09C39A292A855ED500BBB01C /* IngredientsView.swift in Sources */ = {isa = PBXBuildFile; fileRef = 09C39A282A855ED500BBB01C /* IngredientsView.swift */; };
		09C39A2B2A85643800BBB01C /* InstructionsView.swift in Sources */ = {isa = PBXBuildFile; fileRef = 09C39A2A2A85643800BBB01C /* InstructionsView.swift */; };
/* End PBXBuildFile section */

/* Begin PBXContainerItemProxy section */
		09C399EF2A8437BA00BBB01C /* PBXContainerItemProxy */ = {
			isa = PBXContainerItemProxy;
			containerPortal = 09C399D62A8437B900BBB01C /* Project object */;
			proxyType = 1;
			remoteGlobalIDString = 09C399DD2A8437B900BBB01C;
			remoteInfo = FetchTest;
		};
		09C399F92A8437BA00BBB01C /* PBXContainerItemProxy */ = {
			isa = PBXContainerItemProxy;
			containerPortal = 09C399D62A8437B900BBB01C /* Project object */;
			proxyType = 1;
			remoteGlobalIDString = 09C399DD2A8437B900BBB01C;
			remoteInfo = FetchTest;
		};
/* End PBXContainerItemProxy section */

/* Begin PBXFileReference section */
		091AA8E92A86E7B100657474 /* Info.plist */ = {isa = PBXFileReference; lastKnownFileType = text.plist; path = Info.plist; sourceTree = "<group>"; };
		0933DCC92A867F4700A70A97 /* FetchIndexUITests.swift */ = {isa = PBXFileReference; lastKnownFileType = sourcecode.swift; path = FetchIndexUITests.swift; sourceTree = "<group>"; };
		0933DCCB2A86851200A70A97 /* FetchTestDetailUITests.swift */ = {isa = PBXFileReference; lastKnownFileType = sourcecode.swift; path = FetchTestDetailUITests.swift; sourceTree = "<group>"; };
		09BB31EE2A85C32800CDA6FD /* ImageLoader.swift */ = {isa = PBXFileReference; lastKnownFileType = sourcecode.swift; path = ImageLoader.swift; sourceTree = "<group>"; };
		09C399DE2A8437B900BBB01C /* FetchTest.app */ = {isa = PBXFileReference; explicitFileType = wrapper.application; includeInIndex = 0; path = FetchTest.app; sourceTree = BUILT_PRODUCTS_DIR; };
		09C399E12A8437B900BBB01C /* FetchTestApp.swift */ = {isa = PBXFileReference; lastKnownFileType = sourcecode.swift; path = FetchTestApp.swift; sourceTree = "<group>"; };
		09C399E32A8437B900BBB01C /* IndexView.swift */ = {isa = PBXFileReference; lastKnownFileType = sourcecode.swift; path = IndexView.swift; sourceTree = "<group>"; };
		09C399E52A8437BA00BBB01C /* Assets.xcassets */ = {isa = PBXFileReference; lastKnownFileType = folder.assetcatalog; path = Assets.xcassets; sourceTree = "<group>"; };
		09C399E82A8437BA00BBB01C /* Preview Assets.xcassets */ = {isa = PBXFileReference; lastKnownFileType = folder.assetcatalog; path = "Preview Assets.xcassets"; sourceTree = "<group>"; };
		09C399EE2A8437BA00BBB01C /* FetchTestTests.xctest */ = {isa = PBXFileReference; explicitFileType = wrapper.cfbundle; includeInIndex = 0; path = FetchTestTests.xctest; sourceTree = BUILT_PRODUCTS_DIR; };
		09C399F82A8437BA00BBB01C /* FetchTestUITests.xctest */ = {isa = PBXFileReference; explicitFileType = wrapper.cfbundle; includeInIndex = 0; path = FetchTestUITests.xctest; sourceTree = BUILT_PRODUCTS_DIR; };
		09C399FE2A8437BA00BBB01C /* FetchTestUITestsLaunchTests.swift */ = {isa = PBXFileReference; lastKnownFileType = sourcecode.swift; path = FetchTestUITestsLaunchTests.swift; sourceTree = "<group>"; };
		09C39A0D2A8440FF00BBB01C /* SimpleMealModel.swift */ = {isa = PBXFileReference; lastKnownFileType = sourcecode.swift; path = SimpleMealModel.swift; sourceTree = "<group>"; };
		09C39A112A8441B600BBB01C /* IndexViewModel.swift */ = {isa = PBXFileReference; lastKnownFileType = sourcecode.swift; path = IndexViewModel.swift; sourceTree = "<group>"; };
		09C39A142A84424400BBB01C /* IndexService.swift */ = {isa = PBXFileReference; lastKnownFileType = sourcecode.swift; path = IndexService.swift; sourceTree = "<group>"; };
		09C39A172A84459600BBB01C /* Const.swift */ = {isa = PBXFileReference; lastKnownFileType = sourcecode.swift; path = Const.swift; sourceTree = "<group>"; };
		09C39A192A844D1400BBB01C /* SimpleMealCardView.swift */ = {isa = PBXFileReference; lastKnownFileType = sourcecode.swift; path = SimpleMealCardView.swift; sourceTree = "<group>"; };
		09C39A1B2A8450C700BBB01C /* ImageView.swift */ = {isa = PBXFileReference; lastKnownFileType = sourcecode.swift; path = ImageView.swift; sourceTree = "<group>"; };
		09C39A1D2A84531200BBB01C /* DetailMealView.swift */ = {isa = PBXFileReference; lastKnownFileType = sourcecode.swift; path = DetailMealView.swift; sourceTree = "<group>"; };
		09C39A1F2A84548600BBB01C /* DetailViewModel.swift */ = {isa = PBXFileReference; lastKnownFileType = sourcecode.swift; path = DetailViewModel.swift; sourceTree = "<group>"; };
		09C39A212A84549500BBB01C /* FullMealModel.swift */ = {isa = PBXFileReference; lastKnownFileType = sourcecode.swift; path = FullMealModel.swift; sourceTree = "<group>"; };
		09C39A232A8456AE00BBB01C /* DetailMealService.swift */ = {isa = PBXFileReference; lastKnownFileType = sourcecode.swift; path = DetailMealService.swift; sourceTree = "<group>"; };
		09C39A262A8553D700BBB01C /* HeaderDetailView.swift */ = {isa = PBXFileReference; lastKnownFileType = sourcecode.swift; path = HeaderDetailView.swift; sourceTree = "<group>"; };
		09C39A282A855ED500BBB01C /* IngredientsView.swift */ = {isa = PBXFileReference; lastKnownFileType = sourcecode.swift; path = IngredientsView.swift; sourceTree = "<group>"; };
		09C39A2A2A85643800BBB01C /* InstructionsView.swift */ = {isa = PBXFileReference; lastKnownFileType = sourcecode.swift; path = InstructionsView.swift; sourceTree = "<group>"; };
/* End PBXFileReference section */

/* Begin PBXFrameworksBuildPhase section */
		09C399DB2A8437B900BBB01C /* Frameworks */ = {
			isa = PBXFrameworksBuildPhase;
			buildActionMask = 2147483647;
			files = (
			);
			runOnlyForDeploymentPostprocessing = 0;
		};
		09C399EB2A8437BA00BBB01C /* Frameworks */ = {
			isa = PBXFrameworksBuildPhase;
			buildActionMask = 2147483647;
			files = (
			);
			runOnlyForDeploymentPostprocessing = 0;
		};
		09C399F52A8437BA00BBB01C /* Frameworks */ = {
			isa = PBXFrameworksBuildPhase;
			buildActionMask = 2147483647;
			files = (
			);
			runOnlyForDeploymentPostprocessing = 0;
		};
/* End PBXFrameworksBuildPhase section */

/* Begin PBXGroup section */
		09C399D52A8437B900BBB01C = {
			isa = PBXGroup;
			children = (
				09C399E02A8437B900BBB01C /* FetchTest */,
				09C399FB2A8437BA00BBB01C /* FetchTestUITests */,
				09C399DF2A8437B900BBB01C /* Products */,
			);
			sourceTree = "<group>";
		};
		09C399DF2A8437B900BBB01C /* Products */ = {
			isa = PBXGroup;
			children = (
				09C399DE2A8437B900BBB01C /* FetchTest.app */,
				09C399EE2A8437BA00BBB01C /* FetchTestTests.xctest */,
				09C399F82A8437BA00BBB01C /* FetchTestUITests.xctest */,
			);
			name = Products;
			sourceTree = "<group>";
		};
		09C399E02A8437B900BBB01C /* FetchTest */ = {
			isa = PBXGroup;
			children = (
				091AA8E92A86E7B100657474 /* Info.plist */,
				09C39A162A84458A00BBB01C /* Utility */,
				09C39A132A84423700BBB01C /* Network */,
				09C39A102A8441A800BBB01C /* ViewModel */,
				09C39A0F2A84419A00BBB01C /* View */,
				09C39A0C2A8440D900BBB01C /* Model */,
				09C39A0B2A8437C100BBB01C /* App */,
				09C399E52A8437BA00BBB01C /* Assets.xcassets */,
				09C399E72A8437BA00BBB01C /* Preview Content */,
			);
			path = FetchTest;
			sourceTree = "<group>";
		};
		09C399E72A8437BA00BBB01C /* Preview Content */ = {
			isa = PBXGroup;
			children = (
				09C399E82A8437BA00BBB01C /* Preview Assets.xcassets */,
			);
			path = "Preview Content";
			sourceTree = "<group>";
		};
		09C399FB2A8437BA00BBB01C /* FetchTestUITests */ = {
			isa = PBXGroup;
			children = (
				09C399FE2A8437BA00BBB01C /* FetchTestUITestsLaunchTests.swift */,
				0933DCC92A867F4700A70A97 /* FetchIndexUITests.swift */,
				0933DCCB2A86851200A70A97 /* FetchTestDetailUITests.swift */,
			);
			path = FetchTestUITests;
			sourceTree = "<group>";
		};
		09C39A0B2A8437C100BBB01C /* App */ = {
			isa = PBXGroup;
			children = (
				09C399E12A8437B900BBB01C /* FetchTestApp.swift */,
				09C399E32A8437B900BBB01C /* IndexView.swift */,
				09C39A1D2A84531200BBB01C /* DetailMealView.swift */,
			);
			path = App;
			sourceTree = "<group>";
		};
		09C39A0C2A8440D900BBB01C /* Model */ = {
			isa = PBXGroup;
			children = (
				09C39A0D2A8440FF00BBB01C /* SimpleMealModel.swift */,
				09C39A212A84549500BBB01C /* FullMealModel.swift */,
			);
			path = Model;
			sourceTree = "<group>";
		};
		09C39A0F2A84419A00BBB01C /* View */ = {
			isa = PBXGroup;
			children = (
				09C39A252A85534500BBB01C /* DetailView */,
				09C39A192A844D1400BBB01C /* SimpleMealCardView.swift */,
				09C39A1B2A8450C700BBB01C /* ImageView.swift */,
			);
			path = View;
			sourceTree = "<group>";
		};
		09C39A102A8441A800BBB01C /* ViewModel */ = {
			isa = PBXGroup;
			children = (
				09C39A112A8441B600BBB01C /* IndexViewModel.swift */,
				09C39A1F2A84548600BBB01C /* DetailViewModel.swift */,
			);
			path = ViewModel;
			sourceTree = "<group>";
		};
		09C39A132A84423700BBB01C /* Network */ = {
			isa = PBXGroup;
			children = (
				09C39A142A84424400BBB01C /* IndexService.swift */,
				09C39A232A8456AE00BBB01C /* DetailMealService.swift */,
			);
			path = Network;
			sourceTree = "<group>";
		};
		09C39A162A84458A00BBB01C /* Utility */ = {
			isa = PBXGroup;
			children = (
				09C39A172A84459600BBB01C /* Const.swift */,
				09BB31EE2A85C32800CDA6FD /* ImageLoader.swift */,
			);
			path = Utility;
			sourceTree = "<group>";
		};
		09C39A252A85534500BBB01C /* DetailView */ = {
			isa = PBXGroup;
			children = (
				09C39A262A8553D700BBB01C /* HeaderDetailView.swift */,
				09C39A282A855ED500BBB01C /* IngredientsView.swift */,
				09C39A2A2A85643800BBB01C /* InstructionsView.swift */,
			);
			path = DetailView;
			sourceTree = "<group>";
		};
/* End PBXGroup section */

/* Begin PBXNativeTarget section */
		09C399DD2A8437B900BBB01C /* FetchTest */ = {
			isa = PBXNativeTarget;
			buildConfigurationList = 09C39A022A8437BA00BBB01C /* Build configuration list for PBXNativeTarget "FetchTest" */;
			buildPhases = (
				09C399DA2A8437B900BBB01C /* Sources */,
				09C399DB2A8437B900BBB01C /* Frameworks */,
				09C399DC2A8437B900BBB01C /* Resources */,
			);
			buildRules = (
			);
			dependencies = (
			);
			name = FetchTest;
			productName = FetchTest;
			productReference = 09C399DE2A8437B900BBB01C /* FetchTest.app */;
			productType = "com.apple.product-type.application";
		};
		09C399ED2A8437BA00BBB01C /* FetchTestTests */ = {
			isa = PBXNativeTarget;
			buildConfigurationList = 09C39A052A8437BA00BBB01C /* Build configuration list for PBXNativeTarget "FetchTestTests" */;
			buildPhases = (
				09C399EA2A8437BA00BBB01C /* Sources */,
				09C399EB2A8437BA00BBB01C /* Frameworks */,
				09C399EC2A8437BA00BBB01C /* Resources */,
			);
			buildRules = (
			);
			dependencies = (
				09C399F02A8437BA00BBB01C /* PBXTargetDependency */,
			);
			name = FetchTestTests;
			productName = FetchTestTests;
			productReference = 09C399EE2A8437BA00BBB01C /* FetchTestTests.xctest */;
			productType = "com.apple.product-type.bundle.unit-test";
		};
		09C399F72A8437BA00BBB01C /* FetchTestUITests */ = {
			isa = PBXNativeTarget;
			buildConfigurationList = 09C39A082A8437BA00BBB01C /* Build configuration list for PBXNativeTarget "FetchTestUITests" */;
			buildPhases = (
				09C399F42A8437BA00BBB01C /* Sources */,
				09C399F52A8437BA00BBB01C /* Frameworks */,
				09C399F62A8437BA00BBB01C /* Resources */,
			);
			buildRules = (
			);
			dependencies = (
				09C399FA2A8437BA00BBB01C /* PBXTargetDependency */,
			);
			name = FetchTestUITests;
			productName = FetchTestUITests;
			productReference = 09C399F82A8437BA00BBB01C /* FetchTestUITests.xctest */;
			productType = "com.apple.product-type.bundle.ui-testing";
		};
/* End PBXNativeTarget section */

/* Begin PBXProject section */
		09C399D62A8437B900BBB01C /* Project object */ = {
			isa = PBXProject;
			attributes = {
				BuildIndependentTargetsInParallel = 1;
				LastSwiftUpdateCheck = 1430;
				LastUpgradeCheck = 1430;
				TargetAttributes = {
					09C399DD2A8437B900BBB01C = {
						CreatedOnToolsVersion = 14.3.1;
					};
					09C399ED2A8437BA00BBB01C = {
						CreatedOnToolsVersion = 14.3.1;
						TestTargetID = 09C399DD2A8437B900BBB01C;
					};
					09C399F72A8437BA00BBB01C = {
						CreatedOnToolsVersion = 14.3.1;
						TestTargetID = 09C399DD2A8437B900BBB01C;
					};
				};
			};
			buildConfigurationList = 09C399D92A8437B900BBB01C /* Build configuration list for PBXProject "FetchTest" */;
			compatibilityVersion = "Xcode 14.0";
			developmentRegion = en;
			hasScannedForEncodings = 0;
			knownRegions = (
				en,
				Base,
			);
			mainGroup = 09C399D52A8437B900BBB01C;
			productRefGroup = 09C399DF2A8437B900BBB01C /* Products */;
			projectDirPath = "";
			projectRoot = "";
			targets = (
				09C399DD2A8437B900BBB01C /* FetchTest */,
				09C399ED2A8437BA00BBB01C /* FetchTestTests */,
				09C399F72A8437BA00BBB01C /* FetchTestUITests */,
			);
		};
/* End PBXProject section */

/* Begin PBXResourcesBuildPhase section */
		09C399DC2A8437B900BBB01C /* Resources */ = {
			isa = PBXResourcesBuildPhase;
			buildActionMask = 2147483647;
			files = (
				09C399E92A8437BA00BBB01C /* Preview Assets.xcassets in Resources */,
				09C399E62A8437BA00BBB01C /* Assets.xcassets in Resources */,
			);
			runOnlyForDeploymentPostprocessing = 0;
		};
		09C399EC2A8437BA00BBB01C /* Resources */ = {
			isa = PBXResourcesBuildPhase;
			buildActionMask = 2147483647;
			files = (
			);
			runOnlyForDeploymentPostprocessing = 0;
		};
		09C399F62A8437BA00BBB01C /* Resources */ = {
			isa = PBXResourcesBuildPhase;
			buildActionMask = 2147483647;
			files = (
			);
			runOnlyForDeploymentPostprocessing = 0;
		};
/* End PBXResourcesBuildPhase section */

/* Begin PBXSourcesBuildPhase section */
		09C399DA2A8437B900BBB01C /* Sources */ = {
			isa = PBXSourcesBuildPhase;
			buildActionMask = 2147483647;
			files = (
				09C39A1C2A8450C700BBB01C /* ImageView.swift in Sources */,
				09C39A2B2A85643800BBB01C /* InstructionsView.swift in Sources */,
				09C39A152A84424400BBB01C /* IndexService.swift in Sources */,
				09C399E42A8437B900BBB01C /* IndexView.swift in Sources */,
				09C39A292A855ED500BBB01C /* IngredientsView.swift in Sources */,
				09BB31EF2A85C32800CDA6FD /* ImageLoader.swift in Sources */,
				09C39A222A84549500BBB01C /* FullMealModel.swift in Sources */,
				09C39A202A84548600BBB01C /* DetailViewModel.swift in Sources */,
				09C39A242A8456AE00BBB01C /* DetailMealService.swift in Sources */,
				09C39A0E2A8440FF00BBB01C /* SimpleMealModel.swift in Sources */,
				09C399E22A8437B900BBB01C /* FetchTestApp.swift in Sources */,
				09C39A122A8441B600BBB01C /* IndexViewModel.swift in Sources */,
				09C39A1A2A844D1400BBB01C /* SimpleMealCardView.swift in Sources */,
				09C39A182A84459600BBB01C /* Const.swift in Sources */,
				09C39A1E2A84531200BBB01C /* DetailMealView.swift in Sources */,
				09C39A272A8553D700BBB01C /* HeaderDetailView.swift in Sources */,
			);
			runOnlyForDeploymentPostprocessing = 0;
		};
		09C399EA2A8437BA00BBB01C /* Sources */ = {
			isa = PBXSourcesBuildPhase;
			buildActionMask = 2147483647;
			files = (
			);
			runOnlyForDeploymentPostprocessing = 0;
		};
		09C399F42A8437BA00BBB01C /* Sources */ = {
			isa = PBXSourcesBuildPhase;
			buildActionMask = 2147483647;
			files = (
				09C399FF2A8437BA00BBB01C /* FetchTestUITestsLaunchTests.swift in Sources */,
				0933DCCC2A86851200A70A97 /* FetchTestDetailUITests.swift in Sources */,
				0933DCCA2A867F4700A70A97 /* FetchIndexUITests.swift in Sources */,
			);
			runOnlyForDeploymentPostprocessing = 0;
		};
/* End PBXSourcesBuildPhase section */

/* Begin PBXTargetDependency section */
		09C399F02A8437BA00BBB01C /* PBXTargetDependency */ = {
			isa = PBXTargetDependency;
			target = 09C399DD2A8437B900BBB01C /* FetchTest */;
			targetProxy = 09C399EF2A8437BA00BBB01C /* PBXContainerItemProxy */;
		};
		09C399FA2A8437BA00BBB01C /* PBXTargetDependency */ = {
			isa = PBXTargetDependency;
			target = 09C399DD2A8437B900BBB01C /* FetchTest */;
			targetProxy = 09C399F92A8437BA00BBB01C /* PBXContainerItemProxy */;
		};
/* End PBXTargetDependency section */

/* Begin XCBuildConfiguration section */
		09C39A002A8437BA00BBB01C /* Debug */ = {
			isa = XCBuildConfiguration;
			buildSettings = {
				ALWAYS_SEARCH_USER_PATHS = NO;
				CLANG_ANALYZER_NONNULL = YES;
				CLANG_ANALYZER_NUMBER_OBJECT_CONVERSION = YES_AGGRESSIVE;
				CLANG_CXX_LANGUAGE_STANDARD = "gnu++20";
				CLANG_ENABLE_MODULES = YES;
				CLANG_ENABLE_OBJC_ARC = YES;
				CLANG_ENABLE_OBJC_WEAK = YES;
				CLANG_WARN_BLOCK_CAPTURE_AUTORELEASING = YES;
				CLANG_WARN_BOOL_CONVERSION = YES;
				CLANG_WARN_COMMA = YES;
				CLANG_WARN_CONSTANT_CONVERSION = YES;
				CLANG_WARN_DEPRECATED_OBJC_IMPLEMENTATIONS = YES;
				CLANG_WARN_DIRECT_OBJC_ISA_USAGE = YES_ERROR;
				CLANG_WARN_DOCUMENTATION_COMMENTS = YES;
				CLANG_WARN_EMPTY_BODY = YES;
				CLANG_WARN_ENUM_CONVERSION = YES;
				CLANG_WARN_INFINITE_RECURSION = YES;
				CLANG_WARN_INT_CONVERSION = YES;
				CLANG_WARN_NON_LITERAL_NULL_CONVERSION = YES;
				CLANG_WARN_OBJC_IMPLICIT_RETAIN_SELF = YES;
				CLANG_WARN_OBJC_LITERAL_CONVERSION = YES;
				CLANG_WARN_OBJC_ROOT_CLASS = YES_ERROR;
				CLANG_WARN_QUOTED_INCLUDE_IN_FRAMEWORK_HEADER = YES;
				CLANG_WARN_RANGE_LOOP_ANALYSIS = YES;
				CLANG_WARN_STRICT_PROTOTYPES = YES;
				CLANG_WARN_SUSPICIOUS_MOVE = YES;
				CLANG_WARN_UNGUARDED_AVAILABILITY = YES_AGGRESSIVE;
				CLANG_WARN_UNREACHABLE_CODE = YES;
				CLANG_WARN__DUPLICATE_METHOD_MATCH = YES;
				COPY_PHASE_STRIP = NO;
				DEBUG_INFORMATION_FORMAT = dwarf;
				ENABLE_STRICT_OBJC_MSGSEND = YES;
				ENABLE_TESTABILITY = YES;
				GCC_C_LANGUAGE_STANDARD = gnu11;
				GCC_DYNAMIC_NO_PIC = NO;
				GCC_NO_COMMON_BLOCKS = YES;
				GCC_OPTIMIZATION_LEVEL = 0;
				GCC_PREPROCESSOR_DEFINITIONS = (
					"DEBUG=1",
					"$(inherited)",
				);
				GCC_WARN_64_TO_32_BIT_CONVERSION = YES;
				GCC_WARN_ABOUT_RETURN_TYPE = YES_ERROR;
				GCC_WARN_UNDECLARED_SELECTOR = YES;
				GCC_WARN_UNINITIALIZED_AUTOS = YES_AGGRESSIVE;
				GCC_WARN_UNUSED_FUNCTION = YES;
				GCC_WARN_UNUSED_VARIABLE = YES;
				IPHONEOS_DEPLOYMENT_TARGET = 16.4;
				MTL_ENABLE_DEBUG_INFO = INCLUDE_SOURCE;
				MTL_FAST_MATH = YES;
				ONLY_ACTIVE_ARCH = YES;
				SDKROOT = iphoneos;
				SWIFT_ACTIVE_COMPILATION_CONDITIONS = DEBUG;
				SWIFT_OPTIMIZATION_LEVEL = "-Onone";
			};
			name = Debug;
		};
		09C39A012A8437BA00BBB01C /* Release */ = {
			isa = XCBuildConfiguration;
			buildSettings = {
				ALWAYS_SEARCH_USER_PATHS = NO;
				CLANG_ANALYZER_NONNULL = YES;
				CLANG_ANALYZER_NUMBER_OBJECT_CONVERSION = YES_AGGRESSIVE;
				CLANG_CXX_LANGUAGE_STANDARD = "gnu++20";
				CLANG_ENABLE_MODULES = YES;
				CLANG_ENABLE_OBJC_ARC = YES;
				CLANG_ENABLE_OBJC_WEAK = YES;
				CLANG_WARN_BLOCK_CAPTURE_AUTORELEASING = YES;
				CLANG_WARN_BOOL_CONVERSION = YES;
				CLANG_WARN_COMMA = YES;
				CLANG_WARN_CONSTANT_CONVERSION = YES;
				CLANG_WARN_DEPRECATED_OBJC_IMPLEMENTATIONS = YES;
				CLANG_WARN_DIRECT_OBJC_ISA_USAGE = YES_ERROR;
				CLANG_WARN_DOCUMENTATION_COMMENTS = YES;
				CLANG_WARN_EMPTY_BODY = YES;
				CLANG_WARN_ENUM_CONVERSION = YES;
				CLANG_WARN_INFINITE_RECURSION = YES;
				CLANG_WARN_INT_CONVERSION = YES;
				CLANG_WARN_NON_LITERAL_NULL_CONVERSION = YES;
				CLANG_WARN_OBJC_IMPLICIT_RETAIN_SELF = YES;
				CLANG_WARN_OBJC_LITERAL_CONVERSION = YES;
				CLANG_WARN_OBJC_ROOT_CLASS = YES_ERROR;
				CLANG_WARN_QUOTED_INCLUDE_IN_FRAMEWORK_HEADER = YES;
				CLANG_WARN_RANGE_LOOP_ANALYSIS = YES;
				CLANG_WARN_STRICT_PROTOTYPES = YES;
				CLANG_WARN_SUSPICIOUS_MOVE = YES;
				CLANG_WARN_UNGUARDED_AVAILABILITY = YES_AGGRESSIVE;
				CLANG_WARN_UNREACHABLE_CODE = YES;
				CLANG_WARN__DUPLICATE_METHOD_MATCH = YES;
				COPY_PHASE_STRIP = NO;
				DEBUG_INFORMATION_FORMAT = "dwarf-with-dsym";
				ENABLE_NS_ASSERTIONS = NO;
				ENABLE_STRICT_OBJC_MSGSEND = YES;
				GCC_C_LANGUAGE_STANDARD = gnu11;
				GCC_NO_COMMON_BLOCKS = YES;
				GCC_WARN_64_TO_32_BIT_CONVERSION = YES;
				GCC_WARN_ABOUT_RETURN_TYPE = YES_ERROR;
				GCC_WARN_UNDECLARED_SELECTOR = YES;
				GCC_WARN_UNINITIALIZED_AUTOS = YES_AGGRESSIVE;
				GCC_WARN_UNUSED_FUNCTION = YES;
				GCC_WARN_UNUSED_VARIABLE = YES;
				IPHONEOS_DEPLOYMENT_TARGET = 16.4;
				MTL_ENABLE_DEBUG_INFO = NO;
				MTL_FAST_MATH = YES;
				SDKROOT = iphoneos;
				SWIFT_COMPILATION_MODE = wholemodule;
				SWIFT_OPTIMIZATION_LEVEL = "-O";
				VALIDATE_PRODUCT = YES;
			};
			name = Release;
		};
		09C39A032A8437BA00BBB01C /* Debug */ = {
			isa = XCBuildConfiguration;
			buildSettings = {
				ASSETCATALOG_COMPILER_APPICON_NAME = AppIcon;
				ASSETCATALOG_COMPILER_GLOBAL_ACCENT_COLOR_NAME = AccentColor;
				CODE_SIGN_STYLE = Automatic;
				CURRENT_PROJECT_VERSION = 1;
				DEVELOPMENT_ASSET_PATHS = "\"FetchTest/Preview Content\"";
				DEVELOPMENT_TEAM = AZD7B5TZYA;
				ENABLE_PREVIEWS = YES;
				GENERATE_INFOPLIST_FILE = YES;
				INFOPLIST_FILE = FetchTest/Info.plist;
				INFOPLIST_KEY_UIApplicationSceneManifest_Generation = YES;
				INFOPLIST_KEY_UIApplicationSupportsIndirectInputEvents = YES;
				INFOPLIST_KEY_UIStatusBarStyle = UIStatusBarStyleLightContent;
				INFOPLIST_KEY_UISupportedInterfaceOrientations = UIInterfaceOrientationPortrait;
				LD_RUNPATH_SEARCH_PATHS = (
					"$(inherited)",
					"@executable_path/Frameworks",
				);
				MARKETING_VERSION = 1.0;
				PRODUCT_BUNDLE_IDENTIFIER = com.pruebas.FetchTest;
				PRODUCT_NAME = "$(TARGET_NAME)";
				SWIFT_EMIT_LOC_STRINGS = YES;
				SWIFT_VERSION = 5.0;
				TARGETED_DEVICE_FAMILY = "1,2";
			};
			name = Debug;
		};
		09C39A042A8437BA00BBB01C /* Release */ = {
			isa = XCBuildConfiguration;
			buildSettings = {
				ASSETCATALOG_COMPILER_APPICON_NAME = AppIcon;
				ASSETCATALOG_COMPILER_GLOBAL_ACCENT_COLOR_NAME = AccentColor;
				CODE_SIGN_STYLE = Automatic;
				CURRENT_PROJECT_VERSION = 1;
				DEVELOPMENT_ASSET_PATHS = "\"FetchTest/Preview Content\"";
				DEVELOPMENT_TEAM = AZD7B5TZYA;
				ENABLE_PREVIEWS = YES;
				GENERATE_INFOPLIST_FILE = YES;
				INFOPLIST_FILE = FetchTest/Info.plist;
				INFOPLIST_KEY_UIApplicationSceneManifest_Generation = YES;
				INFOPLIST_KEY_UIApplicationSupportsIndirectInputEvents = YES;
				INFOPLIST_KEY_UIStatusBarStyle = UIStatusBarStyleLightContent;
				INFOPLIST_KEY_UISupportedInterfaceOrientations = UIInterfaceOrientationPortrait;
				LD_RUNPATH_SEARCH_PATHS = (
					"$(inherited)",
					"@executable_path/Frameworks",
				);
				MARKETING_VERSION = 1.0;
				PRODUCT_BUNDLE_IDENTIFIER = com.pruebas.FetchTest;
				PRODUCT_NAME = "$(TARGET_NAME)";
				SWIFT_EMIT_LOC_STRINGS = YES;
				SWIFT_VERSION = 5.0;
				TARGETED_DEVICE_FAMILY = "1,2";
			};
			name = Release;
		};
		09C39A062A8437BA00BBB01C /* Debug */ = {
			isa = XCBuildConfiguration;
			buildSettings = {
				ALWAYS_EMBED_SWIFT_STANDARD_LIBRARIES = YES;
				BUNDLE_LOADER = "$(TEST_HOST)";
				CODE_SIGN_STYLE = Automatic;
				CURRENT_PROJECT_VERSION = 1;
				DEVELOPMENT_TEAM = AZD7B5TZYA;
				GENERATE_INFOPLIST_FILE = YES;
				IPHONEOS_DEPLOYMENT_TARGET = 16.4;
				MARKETING_VERSION = 1.0;
				PRODUCT_BUNDLE_IDENTIFIER = com.pruebas.FetchTestTests;
				PRODUCT_NAME = "$(TARGET_NAME)";
				SWIFT_EMIT_LOC_STRINGS = NO;
				SWIFT_VERSION = 5.0;
				TARGETED_DEVICE_FAMILY = "1,2";
				TEST_HOST = "$(BUILT_PRODUCTS_DIR)/FetchTest.app/$(BUNDLE_EXECUTABLE_FOLDER_PATH)/FetchTest";
			};
			name = Debug;
		};
		09C39A072A8437BA00BBB01C /* Release */ = {
			isa = XCBuildConfiguration;
			buildSettings = {
				ALWAYS_EMBED_SWIFT_STANDARD_LIBRARIES = YES;
				BUNDLE_LOADER = "$(TEST_HOST)";
				CODE_SIGN_STYLE = Automatic;
				CURRENT_PROJECT_VERSION = 1;
				DEVELOPMENT_TEAM = AZD7B5TZYA;
				GENERATE_INFOPLIST_FILE = YES;
				IPHONEOS_DEPLOYMENT_TARGET = 16.4;
				MARKETING_VERSION = 1.0;
				PRODUCT_BUNDLE_IDENTIFIER = com.pruebas.FetchTestTests;
				PRODUCT_NAME = "$(TARGET_NAME)";
				SWIFT_EMIT_LOC_STRINGS = NO;
				SWIFT_VERSION = 5.0;
				TARGETED_DEVICE_FAMILY = "1,2";
				TEST_HOST = "$(BUILT_PRODUCTS_DIR)/FetchTest.app/$(BUNDLE_EXECUTABLE_FOLDER_PATH)/FetchTest";
			};
			name = Release;
		};
		09C39A092A8437BA00BBB01C /* Debug */ = {
			isa = XCBuildConfiguration;
			buildSettings = {
				ALWAYS_EMBED_SWIFT_STANDARD_LIBRARIES = YES;
				CODE_SIGN_STYLE = Automatic;
				CURRENT_PROJECT_VERSION = 1;
				DEVELOPMENT_TEAM = AZD7B5TZYA;
				GENERATE_INFOPLIST_FILE = YES;
				MARKETING_VERSION = 1.0;
				PRODUCT_BUNDLE_IDENTIFIER = com.pruebas.FetchTestUITests;
				PRODUCT_NAME = "$(TARGET_NAME)";
				SWIFT_EMIT_LOC_STRINGS = NO;
				SWIFT_VERSION = 5.0;
				TARGETED_DEVICE_FAMILY = "1,2";
				TEST_TARGET_NAME = FetchTest;
			};
			name = Debug;
		};
		09C39A0A2A8437BA00BBB01C /* Release */ = {
			isa = XCBuildConfiguration;
			buildSettings = {
				ALWAYS_EMBED_SWIFT_STANDARD_LIBRARIES = YES;
				CODE_SIGN_STYLE = Automatic;
				CURRENT_PROJECT_VERSION = 1;
				DEVELOPMENT_TEAM = AZD7B5TZYA;
				GENERATE_INFOPLIST_FILE = YES;
				MARKETING_VERSION = 1.0;
				PRODUCT_BUNDLE_IDENTIFIER = com.pruebas.FetchTestUITests;
				PRODUCT_NAME = "$(TARGET_NAME)";
				SWIFT_EMIT_LOC_STRINGS = NO;
				SWIFT_VERSION = 5.0;
				TARGETED_DEVICE_FAMILY = "1,2";
				TEST_TARGET_NAME = FetchTest;
			};
			name = Release;
		};
/* End XCBuildConfiguration section */

/* Begin XCConfigurationList section */
		09C399D92A8437B900BBB01C /* Build configuration list for PBXProject "FetchTest" */ = {
			isa = XCConfigurationList;
			buildConfigurations = (
				09C39A002A8437BA00BBB01C /* Debug */,
				09C39A012A8437BA00BBB01C /* Release */,
			);
			defaultConfigurationIsVisible = 0;
			defaultConfigurationName = Release;
		};
		09C39A022A8437BA00BBB01C /* Build configuration list for PBXNativeTarget "FetchTest" */ = {
			isa = XCConfigurationList;
			buildConfigurations = (
				09C39A032A8437BA00BBB01C /* Debug */,
				09C39A042A8437BA00BBB01C /* Release */,
			);
			defaultConfigurationIsVisible = 0;
			defaultConfigurationName = Release;
		};
		09C39A052A8437BA00BBB01C /* Build configuration list for PBXNativeTarget "FetchTestTests" */ = {
			isa = XCConfigurationList;
			buildConfigurations = (
				09C39A062A8437BA00BBB01C /* Debug */,
				09C39A072A8437BA00BBB01C /* Release */,
			);
			defaultConfigurationIsVisible = 0;
			defaultConfigurationName = Release;
		};
		09C39A082A8437BA00BBB01C /* Build configuration list for PBXNativeTarget "FetchTestUITests" */ = {
			isa = XCConfigurationList;
			buildConfigurations = (
				09C39A092A8437BA00BBB01C /* Debug */,
				09C39A0A2A8437BA00BBB01C /* Release */,
			);
			defaultConfigurationIsVisible = 0;
			defaultConfigurationName = Release;
		};
/* End XCConfigurationList section */
	};
	rootObject = 09C399D62A8437B900BBB01C /* Project object */;
}
